
Microsoft Visual Studio Solution File, Format Version 12.00
# Visual Studio Version 16
VisualStudioVersion = 16.0.30717.126
MinimumVisualStudioVersion = 10.0.40219.1
Project("{FAE04EC0-301F-11D3-BF4B-00C04F79EFBC}") = "SeleniumFirst", "SeleniumFirst\SeleniumFirst.csproj", "{B0B42495-DF6A-4072-B368-77361DC80F2B}"
EndProject
Global
	GlobalSection(SolutionConfigurationPlatforms) = preSolution
		Debug|Any CPU = Debug|Any CPU
		Release|Any CPU = Release|Any CPU
	EndGlobalSection
	GlobalSection(ProjectConfigurationPlatforms) = postSolution
		{B0B42495-DF6A-4072-B368-77361DC80F2B}.Debug|Any CPU.ActiveCfg = Debug|Any CPU
		{B0B42495-DF6A-4072-B368-77361DC80F2B}.Debug|Any CPU.Build.0 = Debug|Any CPU
		{B0B42495-DF6A-4072-B368-77361DC80F2B}.Release|Any CPU.ActiveCfg = Release|Any CPU
		{B0B42495-DF6A-4072-B368-77361DC80F2B}.Release|Any CPU.Build.0 = Release|Any CPU
	EndGlobalSection
	GlobalSection(SolutionProperties) = preSolution
		HideSolutionNode = FALSE
	EndGlobalSection
	GlobalSection(ExtensibilityGlobals) = postSolution
		SolutionGuid = {A456446C-3F47-45EE-8CE4-F5330E497DB6}
	EndGlobalSection
EndGlobal
